
Microsoft Visual Studio Solution File, Format Version 12.00
# Visual Studio Version 17
VisualStudioVersion = 17.6.33723.286
MinimumVisualStudioVersion = 10.0.40219.1
Project("{FAE04EC0-301F-11D3-BF4B-00C04F79EFBC}") = "EsportrsClub", "EsportrsClub\EsportrsClub.csproj", "{ADDC2741-C883-4AB8-9AB3-F41AC10F942F}"
EndProject
Global
	GlobalSection(SolutionConfigurationPlatforms) = preSolution
		Debug|Any CPU = Debug|Any CPU
		Release|Any CPU = Release|Any CPU
	EndGlobalSection
	GlobalSection(ProjectConfigurationPlatforms) = postSolution
		{ADDC2741-C883-4AB8-9AB3-F41AC10F942F}.Debug|Any CPU.ActiveCfg = Debug|Any CPU
		{ADDC2741-C883-4AB8-9AB3-F41AC10F942F}.Debug|Any CPU.Build.0 = Debug|Any CPU
		{ADDC2741-C883-4AB8-9AB3-F41AC10F942F}.Release|Any CPU.ActiveCfg = Release|Any CPU
		{ADDC2741-C883-4AB8-9AB3-F41AC10F942F}.Release|Any CPU.Build.0 = Release|Any CPU
	EndGlobalSection
	GlobalSection(SolutionProperties) = preSolution
		HideSolutionNode = FALSE
	EndGlobalSection
	GlobalSection(ExtensibilityGlobals) = postSolution
		SolutionGuid = {AC316DBE-D097-4087-8D78-E74E9C546CBE}
	EndGlobalSection
EndGlobal
